{
  "version": 4,
  "terraform_version": "1.9.8",
  "serial": 44,
  "lineage": "73890a1c-d84e-61ee-57b5-7d1009356691",
  "outputs": {},
  "resources": [
    {
      "module": "module.CDN",
      "mode": "managed",
      "type": "huaweicloud_cdn_domain",
      "name": "test",
      "provider": "provider[\"registry.terraform.io/huaweicloud/huaweicloud\"]",
      "instances": [
        {
          "schema_version": 0,
          "attributes": {
            "cache_settings": [
              {
                "follow_origin": false,
                "rules": [
                  {
                    "content": "",
                    "priority": 1,
                    "rule_type": "all",
                    "ttl": 2592000,
                    "ttl_type": "s"
                  }
                ]
              }
            ],
            "cname": "lemrex.online.005e68db.cdnhwcohm19.com",
            "configs": [
              {
                "cache_url_parameter_filter": [
                  {
                    "type": "full_url",
                    "value": ""
                  }
                ],
                "compress": [
                  {
                    "enabled": false,
                    "status": "off",
                    "type": ""
                  }
                ],
                "force_redirect": [
                  {
                    "enabled": false,
                    "status": "off",
                    "type": ""
                  }
                ],
                "http_response_header": [],
                "https_settings": [
                  {
                    "certificate_body": "",
                    "certificate_name": "",
                    "certificate_source": 0,
                    "http2_enabled": false,
                    "http2_status": "off",
                    "https_enabled": false,
                    "https_status": "off",
                    "private_key": "",
                    "tls_version": ""
                  }
                ],
                "ipv6_enable": false,
                "origin_protocol": "http",
                "range_based_retrieval_enabled": false,
                "retrieval_request_header": [],
                "url_signing": [
                  {
                    "enabled": false,
                    "expire_time": 0,
                    "key": "",
                    "status": "off",
                    "time_format": "",
                    "type": ""
                  }
                ]
              }
            ],
            "domain_status": "online",
            "enterprise_project_id": null,
            "id": "dc92481f25b148d8883a1852ca409367",
            "name": "lemrex.online",
            "service_area": "outside_mainland_china",
            "sources": [
              {
                "active": 1,
                "http_port": 80,
                "https_port": 443,
                "obs_web_hosting_enabled": false,
                "origin": "finclusion3.obs.af-south-1.myhuaweicloud.com",
                "origin_type": "obs_bucket",
                "retrieval_host": "finclusion3.obs.af-south-1.myhuaweicloud.com"
              }
            ],
            "tags": null,
            "timeouts": null,
            "type": "web"
          },
          "sensitive_attributes": [
            [
              {
                "type": "get_attr",
                "value": "configs"
              },
              {
                "type": "index",
                "value": {
                  "value": 0,
                  "type": "number"
                }
              },
              {
                "type": "get_attr",
                "value": "https_settings"
              },
              {
                "type": "index",
                "value": {
                  "value": 0,
                  "type": "number"
                }
              },
              {
                "type": "get_attr",
                "value": "private_key"
              }
            ]
          ],
          "private": "eyJlMmJmYjczMC1lY2FhLTExZTYtOGY4OC0zNDM2M2JjN2M0YzAiOnsiY3JlYXRlIjoxMjAwMDAwMDAwMDAwLCJkZWxldGUiOjEyMDAwMDAwMDAwMDB9fQ==",
          "dependencies": [
            "module.obs_2.huaweicloud_obs_bucket.c"
          ]
        }
      ]
    },
    {
      "module": "module.dns",
      "mode": "managed",
      "type": "huaweicloud_dns_endpoint",
      "name": "test",
      "provider": "provider[\"registry.terraform.io/huaweicloud/huaweicloud\"]",
      "instances": [
        {
          "schema_version": 0,
          "attributes": {
            "created_at": "2025-01-10T10:02:06.763",
            "direction": "inbound",
            "id": "ff80808293ef3bd701944fa9f8954e66",
            "ip_addresses": [
              {
                "created_at": "2025-01-10 18:02:06",
                "ip": "192.168.133.215",
                "ip_address_id": "ff80808293ef3bd701944fa9f8954e68",
                "status": "ACTIVE",
                "subnet_id": "62595e6f-9a46-40d8-b836-cbc5f1e1802c",
                "updated_at": "2025-01-10 18:02:13"
              },
              {
                "created_at": "2025-01-10 18:02:06",
                "ip": "192.168.26.206",
                "ip_address_id": "ff80808293ef3bd701944fa9f8954e67",
                "status": "ACTIVE",
                "subnet_id": "62595e6f-9a46-40d8-b836-cbc5f1e1802c",
                "updated_at": "2025-01-10 18:02:13"
              }
            ],
            "name": "finclusion_test",
            "region": null,
            "resolver_rule_count": 0,
            "status": "ACTIVE",
            "timeouts": null,
            "updated_at": "2025-01-10T10:02:06.763",
            "vpc_id": "26a7a657-8b16-40b9-b3e1-fdc8d32c0dd0"
          },
          "sensitive_attributes": [],
          "private": "eyJlMmJmYjczMC1lY2FhLTExZTYtOGY4OC0zNDM2M2JjN2M0YzAiOnsiY3JlYXRlIjo2MDAwMDAwMDAwMDAsImRlbGV0ZSI6NjAwMDAwMDAwMDAwLCJ1cGRhdGUiOjYwMDAwMDAwMDAwMH19",
          "dependencies": [
            "module.subnet.huaweicloud_vpc_subnet.subnet",
            "module.vpc.huaweicloud_vpc.vpc"
          ]
        }
      ]
    },
    {
      "module": "module.obs_1",
      "mode": "managed",
      "type": "huaweicloud_obs_bucket",
      "name": "b",
      "provider": "provider[\"registry.terraform.io/huaweicloud/huaweicloud\"]",
      "instances": [
        {
          "schema_version": 0,
          "attributes": {
            "acl": "private",
            "bucket": "finclusion2",
            "bucket_domain_name": "finclusion2.obs.af-south-1.myhuaweicloud.com",
            "bucket_version": "3.0",
            "cors_rule": [],
            "encryption": false,
            "enterprise_project_id": "0",
            "force_destroy": false,
            "id": "finclusion2",
            "kms_key_id": "",
            "kms_key_project_id": "",
            "lifecycle_rule": [],
            "logging": [],
            "multi_az": false,
            "parallel_fs": false,
            "policy": "",
            "policy_format": "obs",
            "quota": 0,
            "region": "af-south-1",
            "sse_algorithm": "",
            "storage_class": "STANDARD",
            "storage_info": [
              {
                "object_number": 0,
                "size": 0
              }
            ],
            "tags": {
              "Env": "Test",
              "foo": "bar"
            },
            "user_domain_names": [],
            "versioning": false,
            "website": []
          },
          "sensitive_attributes": [],
          "private": "bnVsbA=="
        }
      ]
    },
    {
      "module": "module.obs_2",
      "mode": "managed",
      "type": "huaweicloud_obs_bucket",
      "name": "c",
      "provider": "provider[\"registry.terraform.io/huaweicloud/huaweicloud\"]",
      "instances": [
        {
          "schema_version": 0,
          "attributes": {
            "acl": "private",
            "bucket": "finclusion3",
            "bucket_domain_name": "finclusion3.obs.af-south-1.myhuaweicloud.com",
            "bucket_version": "3.0",
            "cors_rule": [],
            "encryption": false,
            "enterprise_project_id": "0",
            "force_destroy": false,
            "id": "finclusion3",
            "kms_key_id": "",
            "kms_key_project_id": "",
            "lifecycle_rule": [],
            "logging": [],
            "multi_az": false,
            "parallel_fs": false,
            "policy": "",
            "policy_format": "obs",
            "quota": 0,
            "region": "af-south-1",
            "sse_algorithm": "",
            "storage_class": "STANDARD",
            "storage_info": [
              {
                "object_number": 0,
                "size": 0
              }
            ],
            "tags": null,
            "user_domain_names": [],
            "versioning": true,
            "website": []
          },
          "sensitive_attributes": [],
          "private": "bnVsbA=="
        }
      ]
    },
    {
      "module": "module.subnet",
      "mode": "managed",
      "type": "huaweicloud_vpc_subnet",
      "name": "subnet",
      "provider": "provider[\"registry.terraform.io/huaweicloud/huaweicloud\"]",
      "instances": [
        {
          "schema_version": 0,
          "attributes": {
            "availability_zone": "af-south-1a",
            "cidr": "192.168.0.0/16",
            "description": "",
            "dhcp_enable": true,
            "dhcp_lease_time": "87600h",
            "dns_list": [
              "100.125.1.250",
              "100.125.1.14"
            ],
            "gateway_ip": "192.168.0.1",
            "id": "62595e6f-9a46-40d8-b836-cbc5f1e1802c",
            "ipv4_subnet_id": "3de1a1bc-dd76-4fdd-b390-25a38796d699",
            "ipv6_cidr": "",
            "ipv6_enable": false,
            "ipv6_gateway": "",
            "ipv6_subnet_id": "",
            "name": "subnet-finclusion-terraform",
            "ntp_server_address": null,
            "primary_dns": "100.125.1.250",
            "region": "af-south-1",
            "secondary_dns": "100.125.1.14",
            "subnet_id": "3de1a1bc-dd76-4fdd-b390-25a38796d699",
            "tags": null,
            "timeouts": null,
            "vpc_id": "26a7a657-8b16-40b9-b3e1-fdc8d32c0dd0"
          },
          "sensitive_attributes": [],
          "private": "eyJlMmJmYjczMC1lY2FhLTExZTYtOGY4OC0zNDM2M2JjN2M0YzAiOnsiY3JlYXRlIjozMDAwMDAwMDAwMDAsImRlbGV0ZSI6NjAwMDAwMDAwMDAwfX0=",
          "dependencies": [
            "module.vpc.huaweicloud_vpc.vpc"
          ]
        }
      ]
    },
    {
      "module": "module.vpc",
      "mode": "managed",
      "type": "huaweicloud_vpc",
      "name": "vpc",
      "provider": "provider[\"registry.terraform.io/huaweicloud/huaweicloud\"]",
      "instances": [
        {
          "schema_version": 0,
          "attributes": {
            "cidr": "192.168.0.0/16",
            "description": "",
            "enterprise_project_id": "0",
            "id": "26a7a657-8b16-40b9-b3e1-fdc8d32c0dd0",
            "name": "vpc-finclusion-terraform",
            "region": "af-south-1",
            "routes": [],
            "secondary_cidr": null,
            "secondary_cidrs": [],
            "status": "OK",
            "tags": null,
            "timeouts": null
          },
          "sensitive_attributes": [],
          "private": "eyJlMmJmYjczMC1lY2FhLTExZTYtOGY4OC0zNDM2M2JjN2M0YzAiOnsiY3JlYXRlIjo2MDAwMDAwMDAwMDAsImRlbGV0ZSI6MTgwMDAwMDAwMDAwfX0="
        }
      ]
    }
  ],
  "check_results": null
}
